{
  "name": "start",
  "version": "1.0.0",
  "lockfileVersion": 2,
  "requires": true,
  "packages": {
    "": {
      "name": "start",
      "version": "1.0.0",
      "license": "ISC",
      "dependencies": {
        "igniteui-webcomponents": "^4.2.3"
      }
    },
    "node_modules/@floating-ui/core": {
      "version": "1.2.6",
      "resolved": "https://registry.npmjs.org/@floating-ui/core/-/core-1.2.6.tgz",
      "integrity": "sha512-EvYTiXet5XqweYGClEmpu3BoxmsQ4hkj3QaYA6qEnigCWffTP3vNRwBReTdrwDwo7OoJ3wM8Uoe9Uk4n+d4hfg=="
    },
    "node_modules/@floating-ui/dom": {
      "version": "1.2.9",
      "resolved": "https://registry.npmjs.org/@floating-ui/dom/-/dom-1.2.9.tgz",
      "integrity": "sha512-sosQxsqgxMNkV3C+3UqTS6LxP7isRLwX8WMepp843Rb3/b0Wz8+MdUkxJksByip3C2WwLugLHN1b4ibn//zKwQ==",
      "dependencies": {
        "@floating-ui/core": "^1.2.6"
      }
    },
    "node_modules/@lit-labs/ssr-dom-shim": {
      "version": "1.1.1",
      "resolved": "https://registry.npmjs.org/@lit-labs/ssr-dom-shim/-/ssr-dom-shim-1.1.1.tgz",
      "integrity": "sha512-kXOeFbfCm4fFf2A3WwVEeQj55tMZa8c8/f9AKHMobQMkzNUfUj+antR3fRPaZJawsa1aZiP/Da3ndpZrwEe4rQ=="
    },
    "node_modules/@lit-labs/virtualizer": {
      "version": "1.0.1",
      "resolved": "https://registry.npmjs.org/@lit-labs/virtualizer/-/virtualizer-1.0.1.tgz",
      "integrity": "sha512-olFX5cVVj0HeVpiEMjylX+sOXFsDpE/SCDrgw63/lBMrrnyP9PIFH0zcZrG0DvuAmCCPaanPybK59Iu7cOe/VA==",
      "dependencies": {
        "event-target-shim": "^6.0.2",
        "lit": "^2.5.0",
        "tslib": "^2.0.3"
      }
    },
    "node_modules/@lit/reactive-element": {
      "version": "1.6.2",
      "resolved": "https://registry.npmjs.org/@lit/reactive-element/-/reactive-element-1.6.2.tgz",
      "integrity": "sha512-rDfl+QnCYjuIGf5xI2sVJWdYIi56CTCwWa+nidKYX6oIuBYwUbT/vX4qbUDlHiZKJ/3FRNQ/tWJui44p6/stSA==",
      "dependencies": {
        "@lit-labs/ssr-dom-shim": "^1.0.0"
      }
    },
    "node_modules/@types/trusted-types": {
      "version": "2.0.3",
      "resolved": "https://registry.npmjs.org/@types/trusted-types/-/trusted-types-2.0.3.tgz",
      "integrity": "sha512-NfQ4gyz38SL8sDNrSixxU2Os1a5xcdFxipAFxYEuLUlvU2uDwS4NUpsImcf1//SlWItCVMMLiylsxbmNMToV/g=="
    },
    "node_modules/event-target-shim": {
      "version": "6.0.2",
      "resolved": "https://registry.npmjs.org/event-target-shim/-/event-target-shim-6.0.2.tgz",
      "integrity": "sha512-8q3LsZjRezbFZ2PN+uP+Q7pnHUMmAOziU2vA2OwoFaKIXxlxl38IylhSSgUorWu/rf4er67w0ikBqjBFk/pomA==",
      "engines": {
        "node": ">=10.13.0"
      },
      "funding": {
        "url": "https://github.com/sponsors/mysticatea"
      }
    },
    "node_modules/igniteui-webcomponents": {
      "version": "4.2.3",
      "resolved": "https://registry.npmjs.org/igniteui-webcomponents/-/igniteui-webcomponents-4.2.3.tgz",
      "integrity": "sha512-2SDxdmfTa1a9i8HaO7sXY6KvIwWH/aJyp4cUItpRn3X/7CfhcQjEZfrsPT8i3+Vy2iadwj2sI9THNdpxQeGduw==",
      "dependencies": {
        "@floating-ui/dom": "^1.2.0",
        "@lit-labs/virtualizer": "^1.0.1",
        "lit": "^2.6.1"
      }
    },
    "node_modules/lit": {
      "version": "2.7.5",
      "resolved": "https://registry.npmjs.org/lit/-/lit-2.7.5.tgz",
      "integrity": "sha512-i/cH7Ye6nBDUASMnfwcictBnsTN91+aBjXoTHF2xARghXScKxpD4F4WYI+VLXg9lqbMinDfvoI7VnZXjyHgdfQ==",
      "dependencies": {
        "@lit/reactive-element": "^1.6.0",
        "lit-element": "^3.3.0",
        "lit-html": "^2.7.0"
      }
    },
    "node_modules/lit-element": {
      "version": "3.3.2",
      "resolved": "https://registry.npmjs.org/lit-element/-/lit-element-3.3.2.tgz",
      "integrity": "sha512-xXAeVWKGr4/njq0rGC9dethMnYCq5hpKYrgQZYTzawt9YQhMiXfD+T1RgrdY3NamOxwq2aXlb0vOI6e29CKgVQ==",
      "dependencies": {
        "@lit-labs/ssr-dom-shim": "^1.1.0",
        "@lit/reactive-element": "^1.3.0",
        "lit-html": "^2.7.0"
      }
    },
    "node_modules/lit-html": {
      "version": "2.7.4",
      "resolved": "https://registry.npmjs.org/lit-html/-/lit-html-2.7.4.tgz",
      "integrity": "sha512-/Jw+FBpeEN+z8X6PJva5n7+0MzCVAH2yypN99qHYYkq8bI+j7I39GH+68Z/MZD6rGKDK9RpzBw7CocfmHfq6+g==",
      "dependencies": {
        "@types/trusted-types": "^2.0.2"
      }
    },
    "node_modules/tslib": {
      "version": "2.5.3",
      "resolved": "https://registry.npmjs.org/tslib/-/tslib-2.5.3.tgz",
      "integrity": "sha512-mSxlJJwl3BMEQCUNnxXBU9jP4JBktcEGhURcPR6VQVlnP0FdDEsIaz0C35dXNGLyRfrATNofF0F5p2KPxQgB+w=="
    }
  },
  "dependencies": {
    "@floating-ui/core": {
      "version": "1.2.6",
      "resolved": "https://registry.npmjs.org/@floating-ui/core/-/core-1.2.6.tgz",
      "integrity": "sha512-EvYTiXet5XqweYGClEmpu3BoxmsQ4hkj3QaYA6qEnigCWffTP3vNRwBReTdrwDwo7OoJ3wM8Uoe9Uk4n+d4hfg=="
    },
    "@floating-ui/dom": {
      "version": "1.2.9",
      "resolved": "https://registry.npmjs.org/@floating-ui/dom/-/dom-1.2.9.tgz",
      "integrity": "sha512-sosQxsqgxMNkV3C+3UqTS6LxP7isRLwX8WMepp843Rb3/b0Wz8+MdUkxJksByip3C2WwLugLHN1b4ibn//zKwQ==",
      "requires": {
        "@floating-ui/core": "^1.2.6"
      }
    },
    "@lit-labs/ssr-dom-shim": {
      "version": "1.1.1",
      "resolved": "https://registry.npmjs.org/@lit-labs/ssr-dom-shim/-/ssr-dom-shim-1.1.1.tgz",
      "integrity": "sha512-kXOeFbfCm4fFf2A3WwVEeQj55tMZa8c8/f9AKHMobQMkzNUfUj+antR3fRPaZJawsa1aZiP/Da3ndpZrwEe4rQ=="
    },
    "@lit-labs/virtualizer": {
      "version": "1.0.1",
      "resolved": "https://registry.npmjs.org/@lit-labs/virtualizer/-/virtualizer-1.0.1.tgz",
      "integrity": "sha512-olFX5cVVj0HeVpiEMjylX+sOXFsDpE/SCDrgw63/lBMrrnyP9PIFH0zcZrG0DvuAmCCPaanPybK59Iu7cOe/VA==",
      "requires": {
        "event-target-shim": "^6.0.2",
        "lit": "^2.5.0",
        "tslib": "^2.0.3"
      }
    },
    "@lit/reactive-element": {
      "version": "1.6.2",
      "resolved": "https://registry.npmjs.org/@lit/reactive-element/-/reactive-element-1.6.2.tgz",
      "integrity": "sha512-rDfl+QnCYjuIGf5xI2sVJWdYIi56CTCwWa+nidKYX6oIuBYwUbT/vX4qbUDlHiZKJ/3FRNQ/tWJui44p6/stSA==",
      "requires": {
        "@lit-labs/ssr-dom-shim": "^1.0.0"
      }
    },
    "@types/trusted-types": {
      "version": "2.0.3",
      "resolved": "https://registry.npmjs.org/@types/trusted-types/-/trusted-types-2.0.3.tgz",
      "integrity": "sha512-NfQ4gyz38SL8sDNrSixxU2Os1a5xcdFxipAFxYEuLUlvU2uDwS4NUpsImcf1//SlWItCVMMLiylsxbmNMToV/g=="
    },
    "event-target-shim": {
      "version": "6.0.2",
      "resolved": "https://registry.npmjs.org/event-target-shim/-/event-target-shim-6.0.2.tgz",
      "integrity": "sha512-8q3LsZjRezbFZ2PN+uP+Q7pnHUMmAOziU2vA2OwoFaKIXxlxl38IylhSSgUorWu/rf4er67w0ikBqjBFk/pomA=="
    },
    "igniteui-webcomponents": {
      "version": "4.2.3",
      "resolved": "https://registry.npmjs.org/igniteui-webcomponents/-/igniteui-webcomponents-4.2.3.tgz",
      "integrity": "sha512-2SDxdmfTa1a9i8HaO7sXY6KvIwWH/aJyp4cUItpRn3X/7CfhcQjEZfrsPT8i3+Vy2iadwj2sI9THNdpxQeGduw==",
      "requires": {
        "@floating-ui/dom": "^1.2.0",
        "@lit-labs/virtualizer": "^1.0.1",
        "lit": "^2.6.1"
      }
    },
    "lit": {
      "version": "2.7.5",
      "resolved": "https://registry.npmjs.org/lit/-/lit-2.7.5.tgz",
      "integrity": "sha512-i/cH7Ye6nBDUASMnfwcictBnsTN91+aBjXoTHF2xARghXScKxpD4F4WYI+VLXg9lqbMinDfvoI7VnZXjyHgdfQ==",
      "requires": {
        "@lit/reactive-element": "^1.6.0",
        "lit-element": "^3.3.0",
        "lit-html": "^2.7.0"
      }
    },
    "lit-element": {
      "version": "3.3.2",
      "resolved": "https://registry.npmjs.org/lit-element/-/lit-element-3.3.2.tgz",
      "integrity": "sha512-xXAeVWKGr4/njq0rGC9dethMnYCq5hpKYrgQZYTzawt9YQhMiXfD+T1RgrdY3NamOxwq2aXlb0vOI6e29CKgVQ==",
      "requires": {
        "@lit-labs/ssr-dom-shim": "^1.1.0",
        "@lit/reactive-element": "^1.3.0",
        "lit-html": "^2.7.0"
      }
    },
    "lit-html": {
      "version": "2.7.4",
      "resolved": "https://registry.npmjs.org/lit-html/-/lit-html-2.7.4.tgz",
      "integrity": "sha512-/Jw+FBpeEN+z8X6PJva5n7+0MzCVAH2yypN99qHYYkq8bI+j7I39GH+68Z/MZD6rGKDK9RpzBw7CocfmHfq6+g==",
      "requires": {
        "@types/trusted-types": "^2.0.2"
      }
    },
    "tslib": {
      "version": "2.5.3",
      "resolved": "https://registry.npmjs.org/tslib/-/tslib-2.5.3.tgz",
      "integrity": "sha512-mSxlJJwl3BMEQCUNnxXBU9jP4JBktcEGhURcPR6VQVlnP0FdDEsIaz0C35dXNGLyRfrATNofF0F5p2KPxQgB+w=="
    }
  }
}
